
Microsoft Visual Studio Solution File, Format Version 12.00
# Visual Studio Version 16
VisualStudioVersion = 16.0.30011.22
MinimumVisualStudioVersion = 10.0.40219.1
Project("{FAE04EC0-301F-11D3-BF4B-00C04F79EFBC}") = "WEB_LIZARZABURU", "WEB_LIZARZABURU.csproj", "{2990CF61-6BA0-4D79-9D75-5BC56651A951}"
EndProject
Global
	GlobalSection(SolutionConfigurationPlatforms) = preSolution
		Debug|Any CPU = Debug|Any CPU
		Release|Any CPU = Release|Any CPU
	EndGlobalSection
	GlobalSection(ProjectConfigurationPlatforms) = postSolution
		{2990CF61-6BA0-4D79-9D75-5BC56651A951}.Debug|Any CPU.ActiveCfg = Debug|Any CPU
		{2990CF61-6BA0-4D79-9D75-5BC56651A951}.Debug|Any CPU.Build.0 = Debug|Any CPU
		{2990CF61-6BA0-4D79-9D75-5BC56651A951}.Release|Any CPU.ActiveCfg = Release|Any CPU
		{2990CF61-6BA0-4D79-9D75-5BC56651A951}.Release|Any CPU.Build.0 = Release|Any CPU
	EndGlobalSection
	GlobalSection(SolutionProperties) = preSolution
		HideSolutionNode = FALSE
	EndGlobalSection
	GlobalSection(ExtensibilityGlobals) = postSolution
		SolutionGuid = {2D0AB5B5-E966-4C07-9452-9C3B50D1A66A}
	EndGlobalSection
EndGlobal
